{
  "name": "adrianmato.com",
  "lockfileVersion": 3,
  "requires": true,
  "packages": {
    "": {
      "name": "adrianmato.com",
      "devDependencies": {
        "@fontsource/eb-garamond": "^5.3.0",
        "@fontsource/inter": "^5.3.0",
        "@resvg/resvg-js": "^2.6.2",
        "@twemoji/svg": "^15.0.0",
        "gray-matter": "^4.0.3",
        "react": "^19.2.8",
        "satori": "^0.29.1",
        "twemoji": "^14.0.2"
      },
      "engines": {
        "node": ">=20"
      }
    },
    "node_modules/@fontsource/eb-garamond": {
      "version": "5.3.0",
      "resolved": "https://registry.npmjs.org/@fontsource/eb-garamond/-/eb-garamond-5.3.0.tgz",
      "integrity": "sha1-CA4egBrTCy1ZIGVJFWmT4HbyVjM=",
      "dev": true,
      "license": "OFL-1.1",
      "funding": {
        "url": "https://github.com/sponsors/ayuhito"
      }
    },
    "node_modules/@fontsource/inter": {
      "version": "5.3.0",
      "resolved": "https://registry.npmjs.org/@fontsource/inter/-/inter-5.3.0.tgz",
      "integrity": "sha1-hmJ43CNXZZ+L4XVci2fynTaXtEA=",
      "dev": true,
      "license": "OFL-1.1",
      "funding": {
        "url": "https://github.com/sponsors/ayuhito"
      }
    },
    "node_modules/@resvg/resvg-js": {
      "version": "2.6.2",
      "resolved": "https://registry.npmjs.org/@resvg/resvg-js/-/resvg-js-2.6.2.tgz",
      "integrity": "sha1-PpKpB9iNh5JWxYU0fFshp/O7W0Y=",
      "dev": true,
      "license": "MPL-2.0",
      "engines": {
        "node": ">= 10"
      },
      "optionalDependencies": {
        "@resvg/resvg-js-android-arm-eabi": "2.6.2",
        "@resvg/resvg-js-android-arm64": "2.6.2",
        "@resvg/resvg-js-darwin-arm64": "2.6.2",
        "@resvg/resvg-js-darwin-x64": "2.6.2",
        "@resvg/resvg-js-linux-arm-gnueabihf": "2.6.2",
        "@resvg/resvg-js-linux-arm64-gnu": "2.6.2",
        "@resvg/resvg-js-linux-arm64-musl": "2.6.2",
        "@resvg/resvg-js-linux-x64-gnu": "2.6.2",
        "@resvg/resvg-js-linux-x64-musl": "2.6.2",
        "@resvg/resvg-js-win32-arm64-msvc": "2.6.2",
        "@resvg/resvg-js-win32-ia32-msvc": "2.6.2",
        "@resvg/resvg-js-win32-x64-msvc": "2.6.2"
      }
    },
    "node_modules/@resvg/resvg-js-android-arm-eabi": {
      "version": "2.6.2",
      "resolved": "https://registry.npmjs.org/@resvg/resvg-js-android-arm-eabi/-/resvg-js-android-arm-eabi-2.6.2.tgz",
      "integrity": "sha1-52HgtogSfbZIefRVF4ySRoqa6r4=",
      "cpu": [
        "arm"
      ],
      "dev": true,
      "license": "MPL-2.0",
      "optional": true,
      "os": [
        "android"
      ],
      "engines": {
        "node": ">= 10"
      }
    },
    "node_modules/@resvg/resvg-js-android-arm64": {
      "version": "2.6.2",
      "resolved": "https://registry.npmjs.org/@resvg/resvg-js-android-arm64/-/resvg-js-android-arm64-2.6.2.tgz",
      "integrity": "sha1-uMtWTX9rPzfZtDEp9dxf4XHiSeQ=",
      "cpu": [
        "arm64"
      ],
      "dev": true,
      "license": "MPL-2.0",
      "optional": true,
      "os": [
        "android"
      ],
      "engines": {
        "node": ">= 10"
      }
    },
    "node_modules/@resvg/resvg-js-darwin-arm64": {
      "version": "2.6.2",
      "resolved": "https://registry.npmjs.org/@resvg/resvg-js-darwin-arm64/-/resvg-js-darwin-arm64-2.6.2.tgz",
      "integrity": "sha1-Sb0/rtpcSfUzAtlw5uedAG3hjn0=",
      "cpu": [
        "arm64"
      ],
      "dev": true,
      "license": "MPL-2.0",
      "optional": true,
      "os": [
        "darwin"
      ],
      "engines": {
        "node": ">= 10"
      }
    },
    "node_modules/@resvg/resvg-js-darwin-x64": {
      "version": "2.6.2",
      "resolved": "https://registry.npmjs.org/@resvg/resvg-js-darwin-x64/-/resvg-js-darwin-x64-2.6.2.tgz",
      "integrity": "sha1-4TRBc6onv7TYgKtXbRrPHBZI+so=",
      "cpu": [
        "x64"
      ],
      "dev": true,
      "license": "MPL-2.0",
      "optional": true,
      "os": [
        "darwin"
      ],
      "engines": {
        "node": ">= 10"
      }
    },
    "node_modules/@resvg/resvg-js-linux-arm-gnueabihf": {
      "version": "2.6.2",
      "resolved": "https://registry.npmjs.org/@resvg/resvg-js-linux-arm-gnueabihf/-/resvg-js-linux-arm-gnueabihf-2.6.2.tgz",
      "integrity": "sha1-NMRF66Re/Wj2EwsqtCbXanQkJT0=",
      "cpu": [
        "arm"
      ],
      "dev": true,
      "license": "MPL-2.0",
      "optional": true,
      "os": [
        "linux"
      ],
      "engines": {
        "node": ">= 10"
      }
    },
    "node_modules/@resvg/resvg-js-linux-arm64-gnu": {
      "version": "2.6.2",
      "resolved": "https://registry.npmjs.org/@resvg/resvg-js-linux-arm64-gnu/-/resvg-js-linux-arm64-gnu-2.6.2.tgz",
      "integrity": "sha1-MNpHCH3YFTGCGYuU/p+NmUiQ2uU=",
      "cpu": [
        "arm64"
      ],
      "dev": true,
      "libc": [
        "glibc"
      ],
      "license": "MPL-2.0",
      "optional": true,
      "os": [
        "linux"
      ],
      "engines": {
        "node": ">= 10"
      }
    },
    "node_modules/@resvg/resvg-js-linux-arm64-musl": {
      "version": "2.6.2",
      "resolved": "https://registry.npmjs.org/@resvg/resvg-js-linux-arm64-musl/-/resvg-js-linux-arm64-musl-2.6.2.tgz",
      "integrity": "sha1-XXW4/1yDEDcpwco3eZhzAnU8UNQ=",
      "cpu": [
        "arm64"
      ],
      "dev": true,
      "libc": [
        "musl"
      ],
      "license": "MPL-2.0",
      "optional": true,
      "os": [
        "linux"
      ],
      "engines": {
        "node": ">= 10"
      }
    },
    "node_modules/@resvg/resvg-js-linux-x64-gnu": {
      "version": "2.6.2",
      "resolved": "https://registry.npmjs.org/@resvg/resvg-js-linux-x64-gnu/-/resvg-js-linux-x64-gnu-2.6.2.tgz",
      "integrity": "sha1-QRq+367l7cV8u3cBc2zsulIuJvM=",
      "cpu": [
        "x64"
      ],
      "dev": true,
      "libc": [
        "glibc"
      ],
      "license": "MPL-2.0",
      "optional": true,
      "os": [
        "linux"
      ],
      "engines": {
        "node": ">= 10"
      }
    },
    "node_modules/@resvg/resvg-js-linux-x64-musl": {
      "version": "2.6.2",
      "resolved": "https://registry.npmjs.org/@resvg/resvg-js-linux-x64-musl/-/resvg-js-linux-x64-musl-2.6.2.tgz",
      "integrity": "sha1-/kmEA48DcvJ54/9XC3KTTdfrKlw=",
      "cpu": [
        "x64"
      ],
      "dev": true,
      "libc": [
        "musl"
      ],
      "license": "MPL-2.0",
      "optional": true,
      "os": [
        "linux"
      ],
      "engines": {
        "node": ">= 10"
      }
    },
    "node_modules/@resvg/resvg-js-win32-arm64-msvc": {
      "version": "2.6.2",
      "resolved": "https://registry.npmjs.org/@resvg/resvg-js-win32-arm64-msvc/-/resvg-js-win32-arm64-msvc-2.6.2.tgz",
      "integrity": "sha1-06BTz3/2hwh6IQYzDA/arnBiVNE=",
      "cpu": [
        "arm64"
      ],
      "dev": true,
      "license": "MPL-2.0",
      "optional": true,
      "os": [
        "win32"
      ],
      "engines": {
        "node": ">= 10"
      }
    },
    "node_modules/@resvg/resvg-js-win32-ia32-msvc": {
      "version": "2.6.2",
      "resolved": "https://registry.npmjs.org/@resvg/resvg-js-win32-ia32-msvc/-/resvg-js-win32-ia32-msvc-2.6.2.tgz",
      "integrity": "sha1-fN2hzinvcgnigZHZF/pb7wYkpK0=",
      "cpu": [
        "ia32"
      ],
      "dev": true,
      "license": "MPL-2.0",
      "optional": true,
      "os": [
        "win32"
      ],
      "engines": {
        "node": ">= 10"
      }
    },
    "node_modules/@resvg/resvg-js-win32-x64-msvc": {
      "version": "2.6.2",
      "resolved": "https://registry.npmjs.org/@resvg/resvg-js-win32-x64-msvc/-/resvg-js-win32-x64-msvc-2.6.2.tgz",
      "integrity": "sha1-ywrQRSXWXz3vTI00YVeleXbVs4g=",
      "cpu": [
        "x64"
      ],
      "dev": true,
      "license": "MPL-2.0",
      "optional": true,
      "os": [
        "win32"
      ],
      "engines": {
        "node": ">= 10"
      }
    },
    "node_modules/@shuding/opentype.js": {
      "version": "1.4.0-beta.0",
      "resolved": "https://registry.npmjs.org/@shuding/opentype.js/-/opentype.js-1.4.0-beta.0.tgz",
      "integrity": "sha1-XR5+ngVvVGqtQd8cUEP4+F054ks=",
      "dev": true,
      "license": "MIT",
      "dependencies": {
        "fflate": "^0.7.3",
        "string.prototype.codepointat": "^0.2.1"
      },
      "bin": {
        "ot": "bin/ot"
      },
      "engines": {
        "node": ">= 8.0.0"
      }
    },
    "node_modules/@twemoji/svg": {
      "version": "15.0.0",
      "resolved": "https://registry.npmjs.org/@twemoji/svg/-/svg-15.0.0.tgz",
      "integrity": "sha1-DjgoxlRybxhI/hHzHvTop1hUzH8=",
      "dev": true,
      "license": "MIT"
    },
    "node_modules/argparse": {
      "version": "1.0.10",
      "resolved": "https://registry.npmjs.org/argparse/-/argparse-1.0.10.tgz",
      "integrity": "sha1-vNZ5HqWuCXJeF+WtmIE0zUCz2RE=",
      "dev": true,
      "license": "MIT",
      "dependencies": {
        "sprintf-js": "~1.0.2"
      }
    },
    "node_modules/base64-js": {
      "version": "0.0.8",
      "resolved": "https://registry.npmjs.org/base64-js/-/base64-js-0.0.8.tgz",
      "integrity": "sha1-EQHpVE9KdrG8OybUUsqW16NeeXg=",
      "dev": true,
      "license": "MIT",
      "engines": {
        "node": ">= 0.4"
      }
    },
    "node_modules/camelize": {
      "version": "1.0.1",
      "resolved": "https://registry.npmjs.org/camelize/-/camelize-1.0.1.tgz",
      "integrity": "sha1-ibfhaIQFYzGjXWta0GQzLJHapsM=",
      "dev": true,
      "license": "MIT",
      "funding": {
        "url": "https://github.com/sponsors/ljharb"
      }
    },
    "node_modules/color-name": {
      "version": "1.1.4",
      "resolved": "https://registry.npmjs.org/color-name/-/color-name-1.1.4.tgz",
      "integrity": "sha1-wqCah6y95pVD3m9j+jmVyCbFNqI=",
      "dev": true,
      "license": "MIT"
    },
    "node_modules/css-background-parser": {
      "version": "0.1.0",
      "resolved": "https://registry.npmjs.org/css-background-parser/-/css-background-parser-0.1.0.tgz",
      "integrity": "sha1-SKF/f+bU1PG8oxd93xbFYXlQdBs=",
      "dev": true,
      "license": "MIT"
    },
    "node_modules/css-box-shadow": {
      "version": "1.0.0-3",
      "resolved": "https://registry.npmjs.org/css-box-shadow/-/css-box-shadow-1.0.0-3.tgz",
      "integrity": "sha1-nq63FAlHv11kn8SaGeS7ql9gJxM=",
      "dev": true,
      "license": "MIT"
    },
    "node_modules/css-color-keywords": {
      "version": "1.0.0",
      "resolved": "https://registry.npmjs.org/css-color-keywords/-/css-color-keywords-1.0.0.tgz",
      "integrity": "sha1-/qJhbcZ2spYmhrOvjb2+GAskTgU=",
      "dev": true,
      "license": "ISC",
      "engines": {
        "node": ">=4"
      }
    },
    "node_modules/css-gradient-parser": {
      "version": "0.0.17",
      "resolved": "https://registry.npmjs.org/css-gradient-parser/-/css-gradient-parser-0.0.17.tgz",
      "integrity": "sha1-mlI0GfMorSd3rnkMKWppMtRwqpo=",
      "dev": true,
      "license": "MIT",
      "engines": {
        "node": ">=16"
      }
    },
    "node_modules/css-to-react-native": {
      "version": "3.2.0",
      "resolved": "https://registry.npmjs.org/css-to-react-native/-/css-to-react-native-3.2.0.tgz",
      "integrity": "sha1-zdgJn3ECThSeT2/hen1G7NVfHjI=",
      "dev": true,
      "license": "MIT",
      "dependencies": {
        "camelize": "^1.0.0",
        "css-color-keywords": "^1.0.0",
        "postcss-value-parser": "^4.0.2"
      }
    },
    "node_modules/emoji-regex-xs": {
      "version": "2.0.1",
      "resolved": "https://registry.npmjs.org/emoji-regex-xs/-/emoji-regex-xs-2.0.1.tgz",
      "integrity": "sha1-AS9OTYjs7IOX3zLVtO+J1CJVnA4=",
      "dev": true,
      "license": "MIT",
      "engines": {
        "node": ">=10.0.0"
      }
    },
    "node_modules/escape-html": {
      "version": "1.0.3",
      "resolved": "https://registry.npmjs.org/escape-html/-/escape-html-1.0.3.tgz",
      "integrity": "sha1-Aljq5NPQwJdN4cFpGI7wBR0dGYg=",
      "dev": true,
      "license": "MIT"
    },
    "node_modules/esprima": {
      "version": "4.0.1",
      "resolved": "https://registry.npmjs.org/esprima/-/esprima-4.0.1.tgz",
      "integrity": "sha1-E7BM2z5sXRnfkatph6hpVhmwqnE=",
      "dev": true,
      "license": "BSD-2-Clause",
      "bin": {
        "esparse": "bin/esparse.js",
        "esvalidate": "bin/esvalidate.js"
      },
      "engines": {
        "node": ">=4"
      }
    },
    "node_modules/extend-shallow": {
      "version": "2.0.1",
      "resolved": "https://registry.npmjs.org/extend-shallow/-/extend-shallow-2.0.1.tgz",
      "integrity": "sha1-Ua99YUrZqfYQ6huvu5idaxxWiQ8=",
      "dev": true,
      "license": "MIT",
      "dependencies": {
        "is-extendable": "^0.1.0"
      },
      "engines": {
        "node": ">=0.10.0"
      }
    },
    "node_modules/fflate": {
      "version": "0.7.5",
      "resolved": "https://registry.npmjs.org/fflate/-/fflate-0.7.5.tgz",
      "integrity": "sha1-Hfy3GJvBBNWZ2gQ26s4U7Sbeh58=",
      "dev": true,
      "license": "MIT"
    },
    "node_modules/fs-extra": {
      "version": "8.1.0",
      "resolved": "https://registry.npmjs.org/fs-extra/-/fs-extra-8.1.0.tgz",
      "integrity": "sha1-SdQ8RaiM2Wd2aMt74bRu/bjS4cA=",
      "dev": true,
      "license": "MIT",
      "dependencies": {
        "graceful-fs": "^4.2.0",
        "jsonfile": "^4.0.0",
        "universalify": "^0.1.0"
      },
      "engines": {
        "node": ">=6 <7 || >=8"
      }
    },
    "node_modules/fs-extra/node_modules/jsonfile": {
      "version": "4.0.0",
      "resolved": "https://registry.npmjs.org/jsonfile/-/jsonfile-4.0.0.tgz",
      "integrity": "sha1-h3Gq4HmbZAdrdmQPygWPnBDjPss=",
      "dev": true,
      "license": "MIT",
      "optionalDependencies": {
        "graceful-fs": "^4.1.6"
      }
    },
    "node_modules/graceful-fs": {
      "version": "4.2.11",
      "resolved": "https://registry.npmjs.org/graceful-fs/-/graceful-fs-4.2.11.tgz",
      "integrity": "sha1-QYPk6L8Iu24Fu7L30uDI9xLKQOM=",
      "dev": true,
      "license": "ISC"
    },
    "node_modules/gray-matter": {
      "version": "4.0.3",
      "resolved": "https://registry.npmjs.org/gray-matter/-/gray-matter-4.0.3.tgz",
      "integrity": "sha1-6JPAZIJd5z6h9ffYjHqfcnQoh5g=",
      "dev": true,
      "license": "MIT",
      "dependencies": {
        "js-yaml": "^3.13.1",
        "kind-of": "^6.0.2",
        "section-matter": "^1.0.0",
        "strip-bom-string": "^1.0.0"
      },
      "engines": {
        "node": ">=6.0"
      }
    },
    "node_modules/hex-rgb": {
      "version": "4.3.0",
      "resolved": "https://registry.npmjs.org/hex-rgb/-/hex-rgb-4.3.0.tgz",
      "integrity": "sha1-r16XToO7L+/kTVUYKwBOyBjAd3Y=",
      "dev": true,
      "license": "MIT",
      "engines": {
        "node": ">=6"
      },
      "funding": {
        "url": "https://github.com/sponsors/sindresorhus"
      }
    },
    "node_modules/is-extendable": {
      "version": "0.1.1",
      "resolved": "https://registry.npmjs.org/is-extendable/-/is-extendable-0.1.1.tgz",
      "integrity": "sha1-YrEQ4omkcUGOPsNqYX1HLjAd/Ik=",
      "dev": true,
      "license": "MIT",
      "engines": {
        "node": ">=0.10.0"
      }
    },
    "node_modules/js-yaml": {
      "version": "3.15.1",
      "resolved": "https://registry.npmjs.org/js-yaml/-/js-yaml-3.15.1.tgz",
      "integrity": "sha1-JLyVAo82HNqqhHRbBqEJxEhnc8A=",
      "dev": true,
      "license": "MIT",
      "dependencies": {
        "argparse": "^1.0.7",
        "esprima": "^4.0.0"
      },
      "bin": {
        "js-yaml": "bin/js-yaml.js"
      }
    },
    "node_modules/jsonfile": {
      "version": "5.0.0",
      "resolved": "https://registry.npmjs.org/jsonfile/-/jsonfile-5.0.0.tgz",
      "integrity": "sha1-5rcY9z2kINYSgjmW/fFKA/b/aSI=",
      "dev": true,
      "license": "MIT",
      "dependencies": {
        "universalify": "^0.1.2"
      },
      "optionalDependencies": {
        "graceful-fs": "^4.1.6"
      }
    },
    "node_modules/kind-of": {
      "version": "6.0.3",
      "resolved": "https://registry.npmjs.org/kind-of/-/kind-of-6.0.3.tgz",
      "integrity": "sha1-B8BQNKbDSfoG4k+jWqdttFgM5N0=",
      "dev": true,
      "license": "MIT",
      "engines": {
        "node": ">=0.10.0"
      }
    },
    "node_modules/linebreak": {
      "version": "1.1.0",
      "resolved": "https://registry.npmjs.org/linebreak/-/linebreak-1.1.0.tgz",
      "integrity": "sha1-gxzzeNmLztOB2KsRj4Ur1Q2B5Gs=",
      "dev": true,
      "license": "MIT",
      "dependencies": {
        "base64-js": "0.0.8",
        "unicode-trie": "^2.0.0"
      }
    },
    "node_modules/pako": {
      "version": "0.2.9",
      "resolved": "https://registry.npmjs.org/pako/-/pako-0.2.9.tgz",
      "integrity": "sha1-8/dSL073gjSNqBYbrZ7P1Rv4OnU=",
      "dev": true,
      "license": "MIT"
    },
    "node_modules/parse-css-color": {
      "version": "0.2.1",
      "resolved": "https://registry.npmjs.org/parse-css-color/-/parse-css-color-0.2.1.tgz",
      "integrity": "sha1-toelg/LkLmb/386ApXBwaWboB8k=",
      "dev": true,
      "license": "MIT",
      "dependencies": {
        "color-name": "^1.1.4",
        "hex-rgb": "^4.1.0"
      }
    },
    "node_modules/postcss-value-parser": {
      "version": "4.2.0",
      "resolved": "https://registry.npmjs.org/postcss-value-parser/-/postcss-value-parser-4.2.0.tgz",
      "integrity": "sha1-cjwJkgg2um0+WvAZ+SvAlxwC5RQ=",
      "dev": true,
      "license": "MIT"
    },
    "node_modules/react": {
      "version": "19.2.8",
      "resolved": "https://registry.npmjs.org/react/-/react-19.2.8.tgz",
      "integrity": "sha1-qAZj27WNacb+P9KR08syTop9/y0=",
      "dev": true,
      "license": "MIT",
      "engines": {
        "node": ">=0.10.0"
      }
    },
    "node_modules/satori": {
      "version": "0.29.1",
      "resolved": "https://registry.npmjs.org/satori/-/satori-0.29.1.tgz",
      "integrity": "sha1-iR9gL6JiK1kB7pOQKLEGzfb8UAM=",
      "dev": true,
      "license": "MPL-2.0",
      "dependencies": {
        "@shuding/opentype.js": "1.4.0-beta.0",
        "css-background-parser": "^0.1.0",
        "css-box-shadow": "1.0.0-3",
        "css-gradient-parser": "^0.0.17",
        "css-to-react-native": "^3.0.0",
        "emoji-regex-xs": "^2.0.1",
        "escape-html": "^1.0.3",
        "linebreak": "^1.1.0",
        "parse-css-color": "^0.2.1",
        "postcss-value-parser": "^4.2.0",
        "yoga-layout": "^3.2.1"
      },
      "engines": {
        "node": ">=16"
      }
    },
    "node_modules/section-matter": {
      "version": "1.0.0",
      "resolved": "https://registry.npmjs.org/section-matter/-/section-matter-1.0.0.tgz",
      "integrity": "sha1-6QQZU1BngOwB1Z8pKhnHuFC4QWc=",
      "dev": true,
      "license": "MIT",
      "dependencies": {
        "extend-shallow": "^2.0.1",
        "kind-of": "^6.0.0"
      },
      "engines": {
        "node": ">=4"
      }
    },
    "node_modules/sprintf-js": {
      "version": "1.0.3",
      "resolved": "https://registry.npmjs.org/sprintf-js/-/sprintf-js-1.0.3.tgz",
      "integrity": "sha1-BOaSb2YolTVPPdAVIDYzuFcpfiw=",
      "dev": true,
      "license": "BSD-3-Clause"
    },
    "node_modules/string.prototype.codepointat": {
      "version": "0.2.1",
      "resolved": "https://registry.npmjs.org/string.prototype.codepointat/-/string.prototype.codepointat-0.2.1.tgz",
      "integrity": "sha1-AErUTIr8cnUnsQjNRitNlxzUabw=",
      "dev": true,
      "license": "MIT"
    },
    "node_modules/strip-bom-string": {
      "version": "1.0.0",
      "resolved": "https://registry.npmjs.org/strip-bom-string/-/strip-bom-string-1.0.0.tgz",
      "integrity": "sha1-5SEekiQ2n7uB1jOi8ABE3IztrZI=",
      "dev": true,
      "license": "MIT",
      "engines": {
        "node": ">=0.10.0"
      }
    },
    "node_modules/tiny-inflate": {
      "version": "1.0.3",
      "resolved": "https://registry.npmjs.org/tiny-inflate/-/tiny-inflate-1.0.3.tgz",
      "integrity": "sha1-EicVSUkToYBRZqr3yTRnkz7qJsQ=",
      "dev": true,
      "license": "MIT"
    },
    "node_modules/twemoji": {
      "version": "14.0.2",
      "resolved": "https://registry.npmjs.org/twemoji/-/twemoji-14.0.2.tgz",
      "integrity": "sha1-xTrbAdqyK/SHD2SMqMw0fOme434=",
      "dev": true,
      "license": "MIT",
      "dependencies": {
        "fs-extra": "^8.0.1",
        "jsonfile": "^5.0.0",
        "twemoji-parser": "14.0.0",
        "universalify": "^0.1.2"
      }
    },
    "node_modules/twemoji-parser": {
      "version": "14.0.0",
      "resolved": "https://registry.npmjs.org/twemoji-parser/-/twemoji-parser-14.0.0.tgz",
      "integrity": "sha1-E9q8ttOiYdnvv1ihZmsYIDO/K2I=",
      "dev": true,
      "license": "MIT"
    },
    "node_modules/unicode-trie": {
      "version": "2.0.0",
      "resolved": "https://registry.npmjs.org/unicode-trie/-/unicode-trie-2.0.0.tgz",
      "integrity": "sha1-j9iEVpbi4UqLZ9ePqeDdLK1i/sg=",
      "dev": true,
      "license": "MIT",
      "dependencies": {
        "pako": "^0.2.5",
        "tiny-inflate": "^1.0.0"
      }
    },
    "node_modules/universalify": {
      "version": "0.1.2",
      "resolved": "https://registry.npmjs.org/universalify/-/universalify-0.1.2.tgz",
      "integrity": "sha1-tkb2m+OULavOzJ1mOcgNwQXvqmY=",
      "dev": true,
      "license": "MIT",
      "engines": {
        "node": ">= 4.0.0"
      }
    },
    "node_modules/yoga-layout": {
      "version": "3.2.1",
      "resolved": "https://registry.npmjs.org/yoga-layout/-/yoga-layout-3.2.1.tgz",
      "integrity": "sha1-0tG6BvDoHC62UMPlrYsLSt3h6EM=",
      "dev": true,
      "license": "MIT"
    }
  }
}
